
Microsoft Visual Studio Solution File, Format Version 12.00
Project("{FAE04EC0-301F-11D3-BF4B-00C04F79EFBC}") = "OpenSDK", "OpenSDK\OpenSDK.csproj", "{BBFDEFC5-7973-4D79-B3A0-45AD91EE0CEF}"
EndProject
Global
	GlobalSection(SolutionConfigurationPlatforms) = preSolution
		Debug|Any CPU = Debug|Any CPU
		Release|Any CPU = Release|Any CPU
	EndGlobalSection
	GlobalSection(ProjectConfigurationPlatforms) = postSolution
		{BBFDEFC5-7973-4D79-B3A0-45AD91EE0CEF}.Debug|Any CPU.ActiveCfg = Debug|Any CPU
		{BBFDEFC5-7973-4D79-B3A0-45AD91EE0CEF}.Debug|Any CPU.Build.0 = Debug|Any CPU
		{BBFDEFC5-7973-4D79-B3A0-45AD91EE0CEF}.Release|Any CPU.ActiveCfg = Release|Any CPU
		{BBFDEFC5-7973-4D79-B3A0-45AD91EE0CEF}.Release|Any CPU.Build.0 = Release|Any CPU
	EndGlobalSection
EndGlobal
